
Microsoft Visual Studio Solution File, Format Version 12.00
# Visual Studio Version 16
VisualStudioVersion = 16.0.29728.190
MinimumVisualStudioVersion = 10.0.40219.1
Project("{9A19103F-16F7-4668-BE54-9A1E7A4F7556}") = "donyacalendar", "donyacalendar.csproj", "{671B1357-2B7F-408B-A74F-D13B7BB52934}"
EndProject
Global
	GlobalSection(SolutionConfigurationPlatforms) = preSolution
		Debug|Any CPU = Debug|Any CPU
		Release|Any CPU = Release|Any CPU
	EndGlobalSection
	GlobalSection(ProjectConfigurationPlatforms) = postSolution
		{671B1357-2B7F-408B-A74F-D13B7BB52934}.Debug|Any CPU.ActiveCfg = Debug|Any CPU
		{671B1357-2B7F-408B-A74F-D13B7BB52934}.Debug|Any CPU.Build.0 = Debug|Any CPU
		{671B1357-2B7F-408B-A74F-D13B7BB52934}.Release|Any CPU.ActiveCfg = Release|Any CPU
		{671B1357-2B7F-408B-A74F-D13B7BB52934}.Release|Any CPU.Build.0 = Release|Any CPU
	EndGlobalSection
	GlobalSection(SolutionProperties) = preSolution
		HideSolutionNode = FALSE
	EndGlobalSection
	GlobalSection(ExtensibilityGlobals) = postSolution
		SolutionGuid = {D3A74BF6-7959-4FFA-BC1E-19AAF2B32ADA}
	EndGlobalSection
EndGlobal
